
Microsoft Visual Studio Solution File, Format Version 12.00
# Visual Studio 2012
Project("{FAE04EC0-301F-11D3-BF4B-00C04F79EFBC}") = "Shop GUI", "Shop GUI\Shop GUI.csproj", "{AC2529D4-B482-4FEC-BA60-0C04E896D2D0}"
EndProject
Global
	GlobalSection(SolutionConfigurationPlatforms) = preSolution
		Debug|Any CPU = Debug|Any CPU
		Release|Any CPU = Release|Any CPU
	EndGlobalSection
	GlobalSection(ProjectConfigurationPlatforms) = postSolution
		{AC2529D4-B482-4FEC-BA60-0C04E896D2D0}.Debug|Any CPU.ActiveCfg = Debug|Any CPU
		{AC2529D4-B482-4FEC-BA60-0C04E896D2D0}.Debug|Any CPU.Build.0 = Debug|Any CPU
		{AC2529D4-B482-4FEC-BA60-0C04E896D2D0}.Release|Any CPU.ActiveCfg = Release|Any CPU
		{AC2529D4-B482-4FEC-BA60-0C04E896D2D0}.Release|Any CPU.Build.0 = Release|Any CPU
	EndGlobalSection
	GlobalSection(SolutionProperties) = preSolution
		HideSolutionNode = FALSE
	EndGlobalSection
EndGlobal
